
Microsoft Visual Studio Solution File, Format Version 12.00
# Visual Studio 2012
Project("{F184B08F-C81C-45F6-A57F-5ABD9991F28F}") = "PrismPoC", "PrismPoC\PrismPoC.vbproj", "{E2862E30-6503-48E4-A864-5948C4B44ACE}"
EndProject
Project("{2150E333-8FDC-42A3-9474-1A3956D46DE8}") = "Modules", "Modules", "{3FAB93A0-13FD-4DF7-85ED-2EF6275B0892}"
EndProject
Project("{F184B08F-C81C-45F6-A57F-5ABD9991F28F}") = "ToolbarModule", "PrismPoC\Modules\ToolbarModule\ToolbarModule.vbproj", "{E9B488CA-61A5-4CA6-BC9F-EDA0C8796E98}"
EndProject
Project("{F184B08F-C81C-45F6-A57F-5ABD9991F28F}") = "PrismPOC.Infrastructure", "PrismPOC.Infrastructure\PrismPOC.Infrastructure.vbproj", "{4DEB0A38-A29E-44FF-AD90-7383A276894C}"
EndProject
Project("{F184B08F-C81C-45F6-A57F-5ABD9991F28F}") = "MenuModule", "PrismPoC\Modules\MenuModule\MenuModule.vbproj", "{ADAD093F-9330-4F6D-BBF9-F9D3AFD9EB48}"
EndProject
Project("{F184B08F-C81C-45F6-A57F-5ABD9991F28F}") = "TransactionModule", "PrismPoC\Modules\TransactionModule\TransactionModule.vbproj", "{90DBF79E-6003-4248-ADA3-1A42D26389FE}"
EndProject
Project("{FAE04EC0-301F-11D3-BF4B-00C04F79EFBC}") = "Infragistics.Composite.Wpf", "Infragistics.Composite.Wpf\Infragistics.Composite.Wpf.csproj", "{A2C2BFD4-55EB-4690-A710-FE8355BAFE4F}"
EndProject
Project("{FAE04EC0-301F-11D3-BF4B-00C04F79EFBC}") = "Infragistics.Composite.Wpf.Proxies", "Infragistics.Composite.Wpf.Proxies\Infragistics.Composite.Wpf.Proxies.csproj", "{BBD5D04E-268A-4B7E-83BD-0E28506899CD}"
EndProject
Project("{F184B08F-C81C-45F6-A57F-5ABD9991F28F}") = "SavedQueryModule", "PrismPoC\Modules\SavedQuery\SavedQueryModule.vbproj", "{AC842881-8465-45AD-A406-2C6065B0F2D5}"
EndProject
Project("{2150E333-8FDC-42A3-9474-1A3956D46DE8}") = "BLL", "BLL", "{6CE186BE-26F6-4B70-B577-256EEA1C2BE9}"
EndProject
Project("{F184B08F-C81C-45F6-A57F-5ABD9991F28F}") = "BLL", "BLL\BLL.vbproj", "{21B81A9B-DDA0-42C1-A421-1E293637D9E4}"
EndProject
Project("{F184B08F-C81C-45F6-A57F-5ABD9991F28F}") = "PropertyGrid", "PropertyGrid\PropertyGrid.vbproj", "{971A52EE-607D-41D3-BDE5-812C207B3ACF}"
EndProject
Global
	GlobalSection(SolutionConfigurationPlatforms) = preSolution
		Debug|Any CPU = Debug|Any CPU
		Debug|Mixed Platforms = Debug|Mixed Platforms
		Debug|x86 = Debug|x86
		Release|Any CPU = Release|Any CPU
		Release|Mixed Platforms = Release|Mixed Platforms
		Release|x86 = Release|x86
	EndGlobalSection
	GlobalSection(ProjectConfigurationPlatforms) = postSolution
		{E2862E30-6503-48E4-A864-5948C4B44ACE}.Debug|Any CPU.ActiveCfg = Debug|x86
		{E2862E30-6503-48E4-A864-5948C4B44ACE}.Debug|Mixed Platforms.ActiveCfg = Debug|x86
		{E2862E30-6503-48E4-A864-5948C4B44ACE}.Debug|Mixed Platforms.Build.0 = Debug|x86
		{E2862E30-6503-48E4-A864-5948C4B44ACE}.Debug|x86.ActiveCfg = Debug|x86
		{E2862E30-6503-48E4-A864-5948C4B44ACE}.Debug|x86.Build.0 = Debug|x86
		{E2862E30-6503-48E4-A864-5948C4B44ACE}.Release|Any CPU.ActiveCfg = Release|x86
		{E2862E30-6503-48E4-A864-5948C4B44ACE}.Release|Mixed Platforms.ActiveCfg = Release|x86
		{E2862E30-6503-48E4-A864-5948C4B44ACE}.Release|Mixed Platforms.Build.0 = Release|x86
		{E2862E30-6503-48E4-A864-5948C4B44ACE}.Release|x86.ActiveCfg = Release|x86
		{E2862E30-6503-48E4-A864-5948C4B44ACE}.Release|x86.Build.0 = Release|x86
		{E9B488CA-61A5-4CA6-BC9F-EDA0C8796E98}.Debug|Any CPU.ActiveCfg = Debug|Any CPU
		{E9B488CA-61A5-4CA6-BC9F-EDA0C8796E98}.Debug|Any CPU.Build.0 = Debug|Any CPU
		{E9B488CA-61A5-4CA6-BC9F-EDA0C8796E98}.Debug|Mixed Platforms.ActiveCfg = Debug|Any CPU
		{E9B488CA-61A5-4CA6-BC9F-EDA0C8796E98}.Debug|Mixed Platforms.Build.0 = Debug|Any CPU
		{E9B488CA-61A5-4CA6-BC9F-EDA0C8796E98}.Debug|x86.ActiveCfg = Debug|Any CPU
		{E9B488CA-61A5-4CA6-BC9F-EDA0C8796E98}.Release|Any CPU.ActiveCfg = Release|Any CPU
		{E9B488CA-61A5-4CA6-BC9F-EDA0C8796E98}.Release|Any CPU.Build.0 = Release|Any CPU
		{E9B488CA-61A5-4CA6-BC9F-EDA0C8796E98}.Release|Mixed Platforms.ActiveCfg = Release|Any CPU
		{E9B488CA-61A5-4CA6-BC9F-EDA0C8796E98}.Release|Mixed Platforms.Build.0 = Release|Any CPU
		{E9B488CA-61A5-4CA6-BC9F-EDA0C8796E98}.Release|x86.ActiveCfg = Release|Any CPU
		{4DEB0A38-A29E-44FF-AD90-7383A276894C}.Debug|Any CPU.ActiveCfg = Debug|Any CPU
		{4DEB0A38-A29E-44FF-AD90-7383A276894C}.Debug|Any CPU.Build.0 = Debug|Any CPU
		{4DEB0A38-A29E-44FF-AD90-7383A276894C}.Debug|Mixed Platforms.ActiveCfg = Debug|Any CPU
		{4DEB0A38-A29E-44FF-AD90-7383A276894C}.Debug|Mixed Platforms.Build.0 = Debug|Any CPU
		{4DEB0A38-A29E-44FF-AD90-7383A276894C}.Debug|x86.ActiveCfg = Debug|Any CPU
		{4DEB0A38-A29E-44FF-AD90-7383A276894C}.Release|Any CPU.ActiveCfg = Release|Any CPU
		{4DEB0A38-A29E-44FF-AD90-7383A276894C}.Release|Any CPU.Build.0 = Release|Any CPU
		{4DEB0A38-A29E-44FF-AD90-7383A276894C}.Release|Mixed Platforms.ActiveCfg = Release|Any CPU
		{4DEB0A38-A29E-44FF-AD90-7383A276894C}.Release|Mixed Platforms.Build.0 = Release|Any CPU
		{4DEB0A38-A29E-44FF-AD90-7383A276894C}.Release|x86.ActiveCfg = Release|Any CPU
		{ADAD093F-9330-4F6D-BBF9-F9D3AFD9EB48}.Debug|Any CPU.ActiveCfg = Debug|Any CPU
		{ADAD093F-9330-4F6D-BBF9-F9D3AFD9EB48}.Debug|Any CPU.Build.0 = Debug|Any CPU
		{ADAD093F-9330-4F6D-BBF9-F9D3AFD9EB48}.Debug|Mixed Platforms.ActiveCfg = Debug|Any CPU
		{ADAD093F-9330-4F6D-BBF9-F9D3AFD9EB48}.Debug|Mixed Platforms.Build.0 = Debug|Any CPU
		{ADAD093F-9330-4F6D-BBF9-F9D3AFD9EB48}.Debug|x86.ActiveCfg = Debug|Any CPU
		{ADAD093F-9330-4F6D-BBF9-F9D3AFD9EB48}.Release|Any CPU.ActiveCfg = Release|Any CPU
		{ADAD093F-9330-4F6D-BBF9-F9D3AFD9EB48}.Release|Any CPU.Build.0 = Release|Any CPU
		{ADAD093F-9330-4F6D-BBF9-F9D3AFD9EB48}.Release|Mixed Platforms.ActiveCfg = Release|Any CPU
		{ADAD093F-9330-4F6D-BBF9-F9D3AFD9EB48}.Release|Mixed Platforms.Build.0 = Release|Any CPU
		{ADAD093F-9330-4F6D-BBF9-F9D3AFD9EB48}.Release|x86.ActiveCfg = Release|Any CPU
		{90DBF79E-6003-4248-ADA3-1A42D26389FE}.Debug|Any CPU.ActiveCfg = Debug|Any CPU
		{90DBF79E-6003-4248-ADA3-1A42D26389FE}.Debug|Any CPU.Build.0 = Debug|Any CPU
		{90DBF79E-6003-4248-ADA3-1A42D26389FE}.Debug|Mixed Platforms.ActiveCfg = Debug|Any CPU
		{90DBF79E-6003-4248-ADA3-1A42D26389FE}.Debug|Mixed Platforms.Build.0 = Debug|Any CPU
		{90DBF79E-6003-4248-ADA3-1A42D26389FE}.Debug|x86.ActiveCfg = Debug|Any CPU
		{90DBF79E-6003-4248-ADA3-1A42D26389FE}.Release|Any CPU.ActiveCfg = Release|Any CPU
		{90DBF79E-6003-4248-ADA3-1A42D26389FE}.Release|Any CPU.Build.0 = Release|Any CPU
		{90DBF79E-6003-4248-ADA3-1A42D26389FE}.Release|Mixed Platforms.ActiveCfg = Release|Any CPU
		{90DBF79E-6003-4248-ADA3-1A42D26389FE}.Release|Mixed Platforms.Build.0 = Release|Any CPU
		{90DBF79E-6003-4248-ADA3-1A42D26389FE}.Release|x86.ActiveCfg = Release|Any CPU
		{A2C2BFD4-55EB-4690-A710-FE8355BAFE4F}.Debug|Any CPU.ActiveCfg = Debug|Any CPU
		{A2C2BFD4-55EB-4690-A710-FE8355BAFE4F}.Debug|Any CPU.Build.0 = Debug|Any CPU
		{A2C2BFD4-55EB-4690-A710-FE8355BAFE4F}.Debug|Mixed Platforms.ActiveCfg = Debug|Any CPU
		{A2C2BFD4-55EB-4690-A710-FE8355BAFE4F}.Debug|Mixed Platforms.Build.0 = Debug|Any CPU
		{A2C2BFD4-55EB-4690-A710-FE8355BAFE4F}.Debug|x86.ActiveCfg = Debug|Any CPU
		{A2C2BFD4-55EB-4690-A710-FE8355BAFE4F}.Release|Any CPU.ActiveCfg = Release|Any CPU
		{A2C2BFD4-55EB-4690-A710-FE8355BAFE4F}.Release|Any CPU.Build.0 = Release|Any CPU
		{A2C2BFD4-55EB-4690-A710-FE8355BAFE4F}.Release|Mixed Platforms.ActiveCfg = Release|Any CPU
		{A2C2BFD4-55EB-4690-A710-FE8355BAFE4F}.Release|Mixed Platforms.Build.0 = Release|Any CPU
		{A2C2BFD4-55EB-4690-A710-FE8355BAFE4F}.Release|x86.ActiveCfg = Release|Any CPU
		{BBD5D04E-268A-4B7E-83BD-0E28506899CD}.Debug|Any CPU.ActiveCfg = Debug|Any CPU
		{BBD5D04E-268A-4B7E-83BD-0E28506899CD}.Debug|Any CPU.Build.0 = Debug|Any CPU
		{BBD5D04E-268A-4B7E-83BD-0E28506899CD}.Debug|Mixed Platforms.ActiveCfg = Debug|Any CPU
		{BBD5D04E-268A-4B7E-83BD-0E28506899CD}.Debug|Mixed Platforms.Build.0 = Debug|Any CPU
		{BBD5D04E-268A-4B7E-83BD-0E28506899CD}.Debug|x86.ActiveCfg = Debug|Any CPU
		{BBD5D04E-268A-4B7E-83BD-0E28506899CD}.Release|Any CPU.ActiveCfg = Release|Any CPU
		{BBD5D04E-268A-4B7E-83BD-0E28506899CD}.Release|Any CPU.Build.0 = Release|Any CPU
		{BBD5D04E-268A-4B7E-83BD-0E28506899CD}.Release|Mixed Platforms.ActiveCfg = Release|Any CPU
		{BBD5D04E-268A-4B7E-83BD-0E28506899CD}.Release|Mixed Platforms.Build.0 = Release|Any CPU
		{BBD5D04E-268A-4B7E-83BD-0E28506899CD}.Release|x86.ActiveCfg = Release|Any CPU
		{AC842881-8465-45AD-A406-2C6065B0F2D5}.Debug|Any CPU.ActiveCfg = Debug|Any CPU
		{AC842881-8465-45AD-A406-2C6065B0F2D5}.Debug|Any CPU.Build.0 = Debug|Any CPU
		{AC842881-8465-45AD-A406-2C6065B0F2D5}.Debug|Mixed Platforms.ActiveCfg = Debug|Any CPU
		{AC842881-8465-45AD-A406-2C6065B0F2D5}.Debug|Mixed Platforms.Build.0 = Debug|Any CPU
		{AC842881-8465-45AD-A406-2C6065B0F2D5}.Debug|x86.ActiveCfg = Debug|Any CPU
		{AC842881-8465-45AD-A406-2C6065B0F2D5}.Release|Any CPU.ActiveCfg = Release|Any CPU
		{AC842881-8465-45AD-A406-2C6065B0F2D5}.Release|Any CPU.Build.0 = Release|Any CPU
		{AC842881-8465-45AD-A406-2C6065B0F2D5}.Release|Mixed Platforms.ActiveCfg = Release|Any CPU
		{AC842881-8465-45AD-A406-2C6065B0F2D5}.Release|Mixed Platforms.Build.0 = Release|Any CPU
		{AC842881-8465-45AD-A406-2C6065B0F2D5}.Release|x86.ActiveCfg = Release|Any CPU
		{21B81A9B-DDA0-42C1-A421-1E293637D9E4}.Debug|Any CPU.ActiveCfg = Debug|Any CPU
		{21B81A9B-DDA0-42C1-A421-1E293637D9E4}.Debug|Any CPU.Build.0 = Debug|Any CPU
		{21B81A9B-DDA0-42C1-A421-1E293637D9E4}.Debug|Mixed Platforms.ActiveCfg = Debug|Any CPU
		{21B81A9B-DDA0-42C1-A421-1E293637D9E4}.Debug|Mixed Platforms.Build.0 = Debug|Any CPU
		{21B81A9B-DDA0-42C1-A421-1E293637D9E4}.Debug|x86.ActiveCfg = Debug|Any CPU
		{21B81A9B-DDA0-42C1-A421-1E293637D9E4}.Release|Any CPU.ActiveCfg = Release|Any CPU
		{21B81A9B-DDA0-42C1-A421-1E293637D9E4}.Release|Any CPU.Build.0 = Release|Any CPU
		{21B81A9B-DDA0-42C1-A421-1E293637D9E4}.Release|Mixed Platforms.ActiveCfg = Release|Any CPU
		{21B81A9B-DDA0-42C1-A421-1E293637D9E4}.Release|Mixed Platforms.Build.0 = Release|Any CPU
		{21B81A9B-DDA0-42C1-A421-1E293637D9E4}.Release|x86.ActiveCfg = Release|Any CPU
		{971A52EE-607D-41D3-BDE5-812C207B3ACF}.Debug|Any CPU.ActiveCfg = Debug|Any CPU
		{971A52EE-607D-41D3-BDE5-812C207B3ACF}.Debug|Any CPU.Build.0 = Debug|Any CPU
		{971A52EE-607D-41D3-BDE5-812C207B3ACF}.Debug|Mixed Platforms.ActiveCfg = Debug|Any CPU
		{971A52EE-607D-41D3-BDE5-812C207B3ACF}.Debug|Mixed Platforms.Build.0 = Debug|Any CPU
		{971A52EE-607D-41D3-BDE5-812C207B3ACF}.Debug|x86.ActiveCfg = Debug|Any CPU
		{971A52EE-607D-41D3-BDE5-812C207B3ACF}.Release|Any CPU.ActiveCfg = Release|Any CPU
		{971A52EE-607D-41D3-BDE5-812C207B3ACF}.Release|Any CPU.Build.0 = Release|Any CPU
		{971A52EE-607D-41D3-BDE5-812C207B3ACF}.Release|Mixed Platforms.ActiveCfg = Release|Any CPU
		{971A52EE-607D-41D3-BDE5-812C207B3ACF}.Release|Mixed Platforms.Build.0 = Release|Any CPU
		{971A52EE-607D-41D3-BDE5-812C207B3ACF}.Release|x86.ActiveCfg = Release|Any CPU
	EndGlobalSection
	GlobalSection(SolutionProperties) = preSolution
		HideSolutionNode = FALSE
	EndGlobalSection
	GlobalSection(NestedProjects) = preSolution
		{E9B488CA-61A5-4CA6-BC9F-EDA0C8796E98} = {3FAB93A0-13FD-4DF7-85ED-2EF6275B0892}
		{ADAD093F-9330-4F6D-BBF9-F9D3AFD9EB48} = {3FAB93A0-13FD-4DF7-85ED-2EF6275B0892}
		{90DBF79E-6003-4248-ADA3-1A42D26389FE} = {3FAB93A0-13FD-4DF7-85ED-2EF6275B0892}
		{AC842881-8465-45AD-A406-2C6065B0F2D5} = {3FAB93A0-13FD-4DF7-85ED-2EF6275B0892}
		{971A52EE-607D-41D3-BDE5-812C207B3ACF} = {3FAB93A0-13FD-4DF7-85ED-2EF6275B0892}
		{21B81A9B-DDA0-42C1-A421-1E293637D9E4} = {6CE186BE-26F6-4B70-B577-256EEA1C2BE9}
	EndGlobalSection
EndGlobal
